
Microsoft Visual Studio Solution File, Format Version 12.00
# Visual Studio Version 17
VisualStudioVersion = 17.8.34330.188
MinimumVisualStudioVersion = 10.0.40219.1
Project("{9A19103F-16F7-4668-BE54-9A1E7A4F7556}") = "AryMem", "AryMem\AryMem.csproj", "{93083C87-236B-47D1-93FF-EF82F3C1A5B0}"
EndProject
Global
	GlobalSection(SolutionConfigurationPlatforms) = preSolution
		Debug|Any CPU = Debug|Any CPU
		Release|Any CPU = Release|Any CPU
	EndGlobalSection
	GlobalSection(ProjectConfigurationPlatforms) = postSolution
		{93083C87-236B-47D1-93FF-EF82F3C1A5B0}.Debug|Any CPU.ActiveCfg = Debug|Any CPU
		{93083C87-236B-47D1-93FF-EF82F3C1A5B0}.Debug|Any CPU.Build.0 = Debug|Any CPU
		{93083C87-236B-47D1-93FF-EF82F3C1A5B0}.Release|Any CPU.ActiveCfg = Release|Any CPU
		{93083C87-236B-47D1-93FF-EF82F3C1A5B0}.Release|Any CPU.Build.0 = Release|Any CPU
	EndGlobalSection
	GlobalSection(SolutionProperties) = preSolution
		HideSolutionNode = FALSE
	EndGlobalSection
	GlobalSection(ExtensibilityGlobals) = postSolution
		SolutionGuid = {6683B248-6271-4F2B-B98E-0B4BA7C822E2}
	EndGlobalSection
EndGlobal
